
Microsoft Visual Studio Solution File, Format Version 12.00
Project("{FAE04EC0-301F-11D3-BF4B-00C04F79EFBC}") = "AoC2025", "AoC2025\AoC2025.csproj", "{AA8585D2-5F0E-4438-93F2-9EDC26C71F61}"
EndProject
Global
	GlobalSection(SolutionConfigurationPlatforms) = preSolution
		Debug|Any CPU = Debug|Any CPU
		Release|Any CPU = Release|Any CPU
	EndGlobalSection
	GlobalSection(ProjectConfigurationPlatforms) = postSolution
		{AA8585D2-5F0E-4438-93F2-9EDC26C71F61}.Debug|Any CPU.ActiveCfg = Debug|Any CPU
		{AA8585D2-5F0E-4438-93F2-9EDC26C71F61}.Debug|Any CPU.Build.0 = Debug|Any CPU
		{AA8585D2-5F0E-4438-93F2-9EDC26C71F61}.Release|Any CPU.ActiveCfg = Release|Any CPU
		{AA8585D2-5F0E-4438-93F2-9EDC26C71F61}.Release|Any CPU.Build.0 = Release|Any CPU
	EndGlobalSection
EndGlobal
